
Microsoft Visual Studio Solution File, Format Version 12.00
# Visual Studio Version 16
VisualStudioVersion = 16.0.31025.194
MinimumVisualStudioVersion = 10.0.40219.1
Project("{FAE04EC0-301F-11D3-BF4B-00C04F79EFBC}") = "DaUzh", "DaUzh\DaUzh.csproj", "{7CCA25B3-C626-48F6-BED4-66C934F1EFD0}"
EndProject
Global
	GlobalSection(SolutionConfigurationPlatforms) = preSolution
		Debug|Any CPU = Debug|Any CPU
		Release|Any CPU = Release|Any CPU
	EndGlobalSection
	GlobalSection(ProjectConfigurationPlatforms) = postSolution
		{7CCA25B3-C626-48F6-BED4-66C934F1EFD0}.Debug|Any CPU.ActiveCfg = Debug|Any CPU
		{7CCA25B3-C626-48F6-BED4-66C934F1EFD0}.Debug|Any CPU.Build.0 = Debug|Any CPU
		{7CCA25B3-C626-48F6-BED4-66C934F1EFD0}.Release|Any CPU.ActiveCfg = Release|Any CPU
		{7CCA25B3-C626-48F6-BED4-66C934F1EFD0}.Release|Any CPU.Build.0 = Release|Any CPU
	EndGlobalSection
	GlobalSection(SolutionProperties) = preSolution
		HideSolutionNode = FALSE
	EndGlobalSection
	GlobalSection(ExtensibilityGlobals) = postSolution
		SolutionGuid = {394DB1B1-52DB-4E4E-925B-4AA7F36796A7}
	EndGlobalSection
EndGlobal
