
Microsoft Visual Studio Solution File, Format Version 12.00
# Visual Studio Version 16
VisualStudioVersion = 16.0.31205.134
MinimumVisualStudioVersion = 10.0.40219.1
Project("{FAE04EC0-301F-11D3-BF4B-00C04F79EFBC}") = "MyWriter", "MyWriter\MyWriter.csproj", "{04A28362-5462-41A8-ABEF-7FC79AD63D4A}"
EndProject
Global
	GlobalSection(SolutionConfigurationPlatforms) = preSolution
		Debug|Any CPU = Debug|Any CPU
		Release|Any CPU = Release|Any CPU
	EndGlobalSection
	GlobalSection(ProjectConfigurationPlatforms) = postSolution
		{04A28362-5462-41A8-ABEF-7FC79AD63D4A}.Debug|Any CPU.ActiveCfg = Debug|Any CPU
		{04A28362-5462-41A8-ABEF-7FC79AD63D4A}.Debug|Any CPU.Build.0 = Debug|Any CPU
		{04A28362-5462-41A8-ABEF-7FC79AD63D4A}.Release|Any CPU.ActiveCfg = Release|Any CPU
		{04A28362-5462-41A8-ABEF-7FC79AD63D4A}.Release|Any CPU.Build.0 = Release|Any CPU
	EndGlobalSection
	GlobalSection(SolutionProperties) = preSolution
		HideSolutionNode = FALSE
	EndGlobalSection
	GlobalSection(ExtensibilityGlobals) = postSolution
		SolutionGuid = {E9CA788E-396D-4739-A89B-6AD09150FDB8}
	EndGlobalSection
EndGlobal
