
Microsoft Visual Studio Solution File, Format Version 12.00
# Visual Studio Version 16
VisualStudioVersion = 16.0.31129.286
MinimumVisualStudioVersion = 10.0.40219.1
Project("{FAE04EC0-301F-11D3-BF4B-00C04F79EFBC}") = "OSA5", "OSA5\OSA5.csproj", "{1D37A66C-F868-491F-A374-4D7EC7891924}"
EndProject
Global
	GlobalSection(SolutionConfigurationPlatforms) = preSolution
		Debug|Any CPU = Debug|Any CPU
		Release|Any CPU = Release|Any CPU
	EndGlobalSection
	GlobalSection(ProjectConfigurationPlatforms) = postSolution
		{1D37A66C-F868-491F-A374-4D7EC7891924}.Debug|Any CPU.ActiveCfg = Debug|Any CPU
		{1D37A66C-F868-491F-A374-4D7EC7891924}.Debug|Any CPU.Build.0 = Debug|Any CPU
		{1D37A66C-F868-491F-A374-4D7EC7891924}.Release|Any CPU.ActiveCfg = Release|Any CPU
		{1D37A66C-F868-491F-A374-4D7EC7891924}.Release|Any CPU.Build.0 = Release|Any CPU
	EndGlobalSection
	GlobalSection(SolutionProperties) = preSolution
		HideSolutionNode = FALSE
	EndGlobalSection
	GlobalSection(ExtensibilityGlobals) = postSolution
		SolutionGuid = {3BE0AD20-63B4-4D13-BD2E-7CB02F90C3CD}
	EndGlobalSection
EndGlobal
